{
    "_readme": [
        "This file locks the dependencies of your project to a known state",
        "Read more about it at https://getcomposer.org/doc/01-basic-usage.md#composer-lock-the-lock-file",
        "This file is @generated automatically"
    ],
    "hash": "b0cac24f801d392f44d964c2ebbdf7d9",
    "content-hash": "29a7f0faf40ec8ff07c5184b0a62ad9c",
    "packages": [
        {
            "name": "composer/installers",
            "version": "v1.0.23",
            "source": {
                "type": "git",
                "url": "https://github.com/composer/installers.git",
                "reference": "6213d900e92647831f7a406d5c530ea1f3d4360e"
            },
            "dist": {
                "type": "zip",
                "url": "https://api.github.com/repos/composer/installers/zipball/6213d900e92647831f7a406d5c530ea1f3d4360e",
                "reference": "6213d900e92647831f7a406d5c530ea1f3d4360e",
                "shasum": ""
            },
            "require": {
                "composer-plugin-api": "^1.0"
            },
            "replace": {
                "roundcube/plugin-installer": "*",
                "shama/baton": "*"
            },
            "require-dev": {
                "composer/composer": "1.0.*@dev",
                "phpunit/phpunit": "4.1.*"
            },
            "type": "composer-plugin",
            "extra": {
                "class": "Composer\\Installers\\Plugin",
                "branch-alias": {
                    "dev-master": "1.0-dev"
                }
            },
            "autoload": {
                "psr-0": {
                    "Composer\\Installers\\": "src/"
                }
            },
            "notification-url": "https://packagist.org/downloads/",
            "license": [
                "MIT"
            ],
            "authors": [
                {
                    "name": "Kyle Robinson Young",
                    "email": "kyle@dontkry.com",
                    "homepage": "https://github.com/shama"
                }
            ],
            "description": "A multi-framework Composer library installer",
            "homepage": "http://composer.github.com/installers/",
            "keywords": [
                "Craft",
                "Dolibarr",
                "Hurad",
                "MODX Evo",
                "OXID",
                "SMF",
                "Thelia",
                "WolfCMS",
                "agl",
                "aimeos",
                "annotatecms",
                "bitrix",
                "cakephp",
                "chef",
                "codeigniter",
                "concrete5",
                "croogo",
                "dokuwiki",
                "drupal",
                "elgg",
                "fuelphp",
                "grav",
                "installer",
                "joomla",
                "kohana",
                "laravel",
                "lithium",
                "magento",
                "mako",
                "mediawiki",
                "modulework",
                "moodle",
                "phpbb",
                "piwik",
                "ppi",
                "puppet",
                "roundcube",
                "shopware",
                "silverstripe",
                "symfony",
                "typo3",
                "wordpress",
                "zend",
                "zikula"
            ],
            "time": "2016-01-27 12:54:22"
        },
        {
            "name": "mjohnson/decoda",
            "version": "6.7.1",
            "source": {
                "type": "git",
                "url": "https://github.com/milesj/decoda.git",
                "reference": "14d9aba0b3e00b829193d3291975b69b41e3cd3f"
            },
            "dist": {
                "type": "zip",
                "url": "https://api.github.com/repos/milesj/decoda/zipball/14d9aba0b3e00b829193d3291975b69b41e3cd3f",
                "reference": "14d9aba0b3e00b829193d3291975b69b41e3cd3f",
                "shasum": ""
            },
            "require": {
                "ext-mbstring": "*",
                "php": ">=5.3.0"
            },
            "require-dev": {
                "phpunit/phpunit": "~4.7"
            },
            "type": "library",
            "autoload": {
                "psr-0": {
                    "Decoda": "src/"
                }
            },
            "notification-url": "https://packagist.org/downloads/",
            "license": [
                "MIT"
            ],
            "authors": [
                {
                    "name": "Miles Johnson",
                    "homepage": "http://milesj.me"
                }
            ],
            "description": "A lightweight lexical string parser for BBCode styled markup.",
            "homepage": "http://milesj.me/code/php/decoda",
            "keywords": [
                "HOOK",
                "bbcode",
                "decoda",
                "filter",
                "lexer",
                "markup",
                "parser"
            ],
            "time": "2015-06-14 19:11:51"
        },
        {
            "name": "mjohnson/type-converter",
            "version": "2.0.0",
            "target-dir": "mjohnson/utility",
            "source": {
                "type": "git",
                "url": "https://github.com/milesj/type-converter.git",
                "reference": "7ea0fc8e590498cd2c838d8288e6452719263291"
            },
            "dist": {
                "type": "zip",
                "url": "https://api.github.com/repos/milesj/type-converter/zipball/7ea0fc8e590498cd2c838d8288e6452719263291",
                "reference": "7ea0fc8e590498cd2c838d8288e6452719263291",
                "shasum": ""
            },
            "require": {
                "php": ">=5.2"
            },
            "type": "library",
            "autoload": {
                "psr-0": {
                    "mjohnson\\utility": ""
                }
            },
            "notification-url": "https://packagist.org/downloads/",
            "license": [
                "MIT"
            ],
            "authors": [
                {
                    "name": "Miles Johnson",
                    "homepage": "http://milesj.me"
                }
            ],
            "description": "Converts one resource to another (XML, JSON, Object, Array, Serialization).",
            "homepage": "http://milesj.me/code/php/type-converter",
            "keywords": [
                "converter",
                "type"
            ],
            "abandoned": true,
            "time": "2012-11-21 04:16:47"
        },
        {
            "name": "mjohnson/utility",
            "version": "1.7.1",
            "source": {
                "type": "git",
                "url": "https://github.com/milesj/utility.git",
                "reference": "24d3cf427b22827a4b8fbb6e8e7734c262cebce0"
            },
            "dist": {
                "type": "zip",
                "url": "https://api.github.com/repos/milesj/utility/zipball/24d3cf427b22827a4b8fbb6e8e7734c262cebce0",
                "reference": "24d3cf427b22827a4b8fbb6e8e7734c262cebce0",
                "shasum": ""
            },
            "require": {
                "composer/installers": "*",
                "ext-mbstring": "*",
                "mjohnson/type-converter": "*",
                "php": ">=5.3.0"
            },
            "suggest": {
                "mjohnson/decoda": "Enable for BBCode parsing in the DecodaHelper"
            },
            "type": "cakephp-plugin",
            "notification-url": "https://packagist.org/downloads/",
            "license": [
                "MIT"
            ],
            "authors": [
                {
                    "name": "Miles Johnson",
                    "homepage": "http://milesj.me"
                }
            ],
            "description": "A collection of CakePHP utility libraries.",
            "homepage": "http://milesj.me/code/cakephp/utility",
            "keywords": [
                "Behavior",
                "Sitemap",
                "aggregator",
                "ajax-handler",
                "auto-login",
                "bbcode",
                "cache-kill",
                "cacheable",
                "cakephp",
                "component",
                "controller",
                "convertable",
                "datasource",
                "decoda",
                "enumerable",
                "feed",
                "filterable",
                "helper",
                "markup",
                "model",
                "open-graph",
                "plugin",
                "shell",
                "sluggable",
                "spam-blocker",
                "utility",
                "validateable"
            ],
            "abandoned": true,
            "time": "2015-01-18 19:50:56"
        }
    ],
    "packages-dev": [],
    "aliases": [],
    "minimum-stability": "stable",
    "stability-flags": [],
    "prefer-stable": false,
    "prefer-lowest": false,
    "platform": {
        "php": ">=5.3.0",
        "ext-mbstring": "*"
    },
    "platform-dev": []
}
